
Microsoft Visual Studio Solution File, Format Version 12.00
# Visual Studio Version 17
VisualStudioVersion = 17.5.002.0
MinimumVisualStudioVersion = 10.0.40219.1
Project("{2150E333-8FDC-42A3-9474-1A3956D46DE8}") = "csharp-prep", "csharp-prep", "{F3E9A03E-06F9-4188-A764-0D0E27AD660B}"
EndProject
Project("{9A19103F-16F7-4668-BE54-9A1E7A4F7556}") = "Prep1", "csharp-prep\Prep1\Prep1.csproj", "{8B1ADE2C-04F3-4D93-8C8E-A3F42FF19803}"
EndProject
Project("{9A19103F-16F7-4668-BE54-9A1E7A4F7556}") = "Prep2", "csharp-prep\Prep2\Prep2.csproj", "{29D71105-07B8-4B41-B2C9-866A71830502}"
EndProject
Project("{9A19103F-16F7-4668-BE54-9A1E7A4F7556}") = "Prep3", "csharp-prep\Prep3\Prep3.csproj", "{7F7C8482-E736-4EF4-A00B-85085AD1A8FA}"
EndProject
Project("{9A19103F-16F7-4668-BE54-9A1E7A4F7556}") = "Prep4", "csharp-prep\Prep4\Prep4.csproj", "{4637238B-3974-4E76-8882-866A27E79D05}"
EndProject
Project("{9A19103F-16F7-4668-BE54-9A1E7A4F7556}") = "Prep5", "csharp-prep\Prep5\Prep5.csproj", "{2146EA18-07DF-4A18-B139-F8EA9E3531B5}"
EndProject
Project("{2150E333-8FDC-42A3-9474-1A3956D46DE8}") = "final", "final", "{A7ECC607-0036-40AE-B28B-64D7233F7551}"
EndProject
Project("{9A19103F-16F7-4668-BE54-9A1E7A4F7556}") = "FinalProject", "final\FinalProject\FinalProject.csproj", "{5FDA99F8-42EA-4230-AE39-C9D6B1127516}"
EndProject
Project("{9A19103F-16F7-4668-BE54-9A1E7A4F7556}") = "Foundation1", "final\Foundation1\Foundation1.csproj", "{4E52100F-E2E1-4457-B5BB-B7DB6AC3D041}"
EndProject
Project("{9A19103F-16F7-4668-BE54-9A1E7A4F7556}") = "Foundation2", "final\Foundation2\Foundation2.csproj", "{DA0B486E-BE8D-4431-B0AD-BF050F7F9107}"
EndProject
Project("{9A19103F-16F7-4668-BE54-9A1E7A4F7556}") = "Foundation3", "final\Foundation3\Foundation3.csproj", "{368B5828-2CC6-410C-81DB-AC4CA2266366}"
EndProject
Project("{9A19103F-16F7-4668-BE54-9A1E7A4F7556}") = "Foundation4", "final\Foundation4\Foundation4.csproj", "{3BF29821-8C65-4D9C-9333-44EC478C5F24}"
EndProject
Project("{2150E333-8FDC-42A3-9474-1A3956D46DE8}") = "prepare", "prepare", "{952DAFE3-43D6-4CBF-B66F-E6C72DD4D6BF}"
EndProject
Project("{9A19103F-16F7-4668-BE54-9A1E7A4F7556}") = "Learning02", "prepare\Learning02\Learning02.csproj", "{34CD9C91-D3A4-4112-9989-7E1D89715770}"
EndProject
Project("{9A19103F-16F7-4668-BE54-9A1E7A4F7556}") = "Learning03", "prepare\Learning03\Learning03.csproj", "{CC35658F-8879-49E5-9FDC-E3A2B4E7E3E5}"
EndProject
Project("{9A19103F-16F7-4668-BE54-9A1E7A4F7556}") = "Learning04", "prepare\Learning04\Learning04.csproj", "{EE244D94-379C-46F7-B512-9DE7CCE59CAB}"
EndProject
Project("{9A19103F-16F7-4668-BE54-9A1E7A4F7556}") = "Learning05", "prepare\Learning05\Learning05.csproj", "{F9C1A390-B91C-4379-9958-BF21BB62106C}"
EndProject
Project("{2150E333-8FDC-42A3-9474-1A3956D46DE8}") = "prove", "prove", "{29371B7F-BCB9-491F-9D70-9522675B3A7B}"
EndProject
Project("{9A19103F-16F7-4668-BE54-9A1E7A4F7556}") = "Develop02", "prove\Develop02\Develop02.csproj", "{73E839F1-C4A4-4EF8-8518-223136703DF0}"
EndProject
Project("{9A19103F-16F7-4668-BE54-9A1E7A4F7556}") = "Develop03", "prove\Develop03\Develop03.csproj", "{52FD4778-5E06-446D-8760-D75FEA6CAE18}"
EndProject
Project("{9A19103F-16F7-4668-BE54-9A1E7A4F7556}") = "Develop04", "prove\Develop04\Develop04.csproj", "{C52AA33E-6783-4D41-BC9C-4495EFDDFC90}"
EndProject
Project("{9A19103F-16F7-4668-BE54-9A1E7A4F7556}") = "Develop05", "prove\Develop05\Develop05.csproj", "{3E3260FB-8B2A-493E-B087-B71FDB2F8442}"
EndProject
Project("{2150E333-8FDC-42A3-9474-1A3956D46DE8}") = "sandbox", "sandbox", "{EF977867-434A-4EB0-B340-7D0D971AB88E}"
EndProject
Project("{9A19103F-16F7-4668-BE54-9A1E7A4F7556}") = "Sandbox", "sandbox\Sandbox\Sandbox.csproj", "{F7510847-8BCF-4ED1-B08F-A27A3DBE7C51}"
EndProject
Global
	GlobalSection(SolutionConfigurationPlatforms) = preSolution
		Debug|Any CPU = Debug|Any CPU
		Release|Any CPU = Release|Any CPU
	EndGlobalSection
	GlobalSection(ProjectConfigurationPlatforms) = postSolution
		{8B1ADE2C-04F3-4D93-8C8E-A3F42FF19803}.Debug|Any CPU.ActiveCfg = Debug|Any CPU
		{8B1ADE2C-04F3-4D93-8C8E-A3F42FF19803}.Debug|Any CPU.Build.0 = Debug|Any CPU
		{8B1ADE2C-04F3-4D93-8C8E-A3F42FF19803}.Release|Any CPU.ActiveCfg = Release|Any CPU
		{8B1ADE2C-04F3-4D93-8C8E-A3F42FF19803}.Release|Any CPU.Build.0 = Release|Any CPU
		{29D71105-07B8-4B41-B2C9-866A71830502}.Debug|Any CPU.ActiveCfg = Debug|Any CPU
		{29D71105-07B8-4B41-B2C9-866A71830502}.Debug|Any CPU.Build.0 = Debug|Any CPU
		{29D71105-07B8-4B41-B2C9-866A71830502}.Release|Any CPU.ActiveCfg = Release|Any CPU
		{29D71105-07B8-4B41-B2C9-866A71830502}.Release|Any CPU.Build.0 = Release|Any CPU
		{7F7C8482-E736-4EF4-A00B-85085AD1A8FA}.Debug|Any CPU.ActiveCfg = Debug|Any CPU
		{7F7C8482-E736-4EF4-A00B-85085AD1A8FA}.Debug|Any CPU.Build.0 = Debug|Any CPU
		{7F7C8482-E736-4EF4-A00B-85085AD1A8FA}.Release|Any CPU.ActiveCfg = Release|Any CPU
		{7F7C8482-E736-4EF4-A00B-85085AD1A8FA}.Release|Any CPU.Build.0 = Release|Any CPU
		{4637238B-3974-4E76-8882-866A27E79D05}.Debug|Any CPU.ActiveCfg = Debug|Any CPU
		{4637238B-3974-4E76-8882-866A27E79D05}.Debug|Any CPU.Build.0 = Debug|Any CPU
		{4637238B-3974-4E76-8882-866A27E79D05}.Release|Any CPU.ActiveCfg = Release|Any CPU
		{4637238B-3974-4E76-8882-866A27E79D05}.Release|Any CPU.Build.0 = Release|Any CPU
		{2146EA18-07DF-4A18-B139-F8EA9E3531B5}.Debug|Any CPU.ActiveCfg = Debug|Any CPU
		{2146EA18-07DF-4A18-B139-F8EA9E3531B5}.Debug|Any CPU.Build.0 = Debug|Any CPU
		{2146EA18-07DF-4A18-B139-F8EA9E3531B5}.Release|Any CPU.ActiveCfg = Release|Any CPU
		{2146EA18-07DF-4A18-B139-F8EA9E3531B5}.Release|Any CPU.Build.0 = Release|Any CPU
		{5FDA99F8-42EA-4230-AE39-C9D6B1127516}.Debug|Any CPU.ActiveCfg = Debug|Any CPU
		{5FDA99F8-42EA-4230-AE39-C9D6B1127516}.Debug|Any CPU.Build.0 = Debug|Any CPU
		{5FDA99F8-42EA-4230-AE39-C9D6B1127516}.Release|Any CPU.ActiveCfg = Release|Any CPU
		{5FDA99F8-42EA-4230-AE39-C9D6B1127516}.Release|Any CPU.Build.0 = Release|Any CPU
		{4E52100F-E2E1-4457-B5BB-B7DB6AC3D041}.Debug|Any CPU.ActiveCfg = Debug|Any CPU
		{4E52100F-E2E1-4457-B5BB-B7DB6AC3D041}.Debug|Any CPU.Build.0 = Debug|Any CPU
		{4E52100F-E2E1-4457-B5BB-B7DB6AC3D041}.Release|Any CPU.ActiveCfg = Release|Any CPU
		{4E52100F-E2E1-4457-B5BB-B7DB6AC3D041}.Release|Any CPU.Build.0 = Release|Any CPU
		{DA0B486E-BE8D-4431-B0AD-BF050F7F9107}.Debug|Any CPU.ActiveCfg = Debug|Any CPU
		{DA0B486E-BE8D-4431-B0AD-BF050F7F9107}.Debug|Any CPU.Build.0 = Debug|Any CPU
		{DA0B486E-BE8D-4431-B0AD-BF050F7F9107}.Release|Any CPU.ActiveCfg = Release|Any CPU
		{DA0B486E-BE8D-4431-B0AD-BF050F7F9107}.Release|Any CPU.Build.0 = Release|Any CPU
		{368B5828-2CC6-410C-81DB-AC4CA2266366}.Debug|Any CPU.ActiveCfg = Debug|Any CPU
		{368B5828-2CC6-410C-81DB-AC4CA2266366}.Debug|Any CPU.Build.0 = Debug|Any CPU
		{368B5828-2CC6-410C-81DB-AC4CA2266366}.Release|Any CPU.ActiveCfg = Release|Any CPU
		{368B5828-2CC6-410C-81DB-AC4CA2266366}.Release|Any CPU.Build.0 = Release|Any CPU
		{3BF29821-8C65-4D9C-9333-44EC478C5F24}.Debug|Any CPU.ActiveCfg = Debug|Any CPU
		{3BF29821-8C65-4D9C-9333-44EC478C5F24}.Debug|Any CPU.Build.0 = Debug|Any CPU
		{3BF29821-8C65-4D9C-9333-44EC478C5F24}.Release|Any CPU.ActiveCfg = Release|Any CPU
		{3BF29821-8C65-4D9C-9333-44EC478C5F24}.Release|Any CPU.Build.0 = Release|Any CPU
		{34CD9C91-D3A4-4112-9989-7E1D89715770}.Debug|Any CPU.ActiveCfg = Debug|Any CPU
		{34CD9C91-D3A4-4112-9989-7E1D89715770}.Debug|Any CPU.Build.0 = Debug|Any CPU
		{34CD9C91-D3A4-4112-9989-7E1D89715770}.Release|Any CPU.ActiveCfg = Release|Any CPU
		{34CD9C91-D3A4-4112-9989-7E1D89715770}.Release|Any CPU.Build.0 = Release|Any CPU
		{CC35658F-8879-49E5-9FDC-E3A2B4E7E3E5}.Debug|Any CPU.ActiveCfg = Debug|Any CPU
		{CC35658F-8879-49E5-9FDC-E3A2B4E7E3E5}.Debug|Any CPU.Build.0 = Debug|Any CPU
		{CC35658F-8879-49E5-9FDC-E3A2B4E7E3E5}.Release|Any CPU.ActiveCfg = Release|Any CPU
		{CC35658F-8879-49E5-9FDC-E3A2B4E7E3E5}.Release|Any CPU.Build.0 = Release|Any CPU
		{EE244D94-379C-46F7-B512-9DE7CCE59CAB}.Debug|Any CPU.ActiveCfg = Debug|Any CPU
		{EE244D94-379C-46F7-B512-9DE7CCE59CAB}.Debug|Any CPU.Build.0 = Debug|Any CPU
		{EE244D94-379C-46F7-B512-9DE7CCE59CAB}.Release|Any CPU.ActiveCfg = Release|Any CPU
		{EE244D94-379C-46F7-B512-9DE7CCE59CAB}.Release|Any CPU.Build.0 = Release|Any CPU
		{F9C1A390-B91C-4379-9958-BF21BB62106C}.Debug|Any CPU.ActiveCfg = Debug|Any CPU
		{F9C1A390-B91C-4379-9958-BF21BB62106C}.Debug|Any CPU.Build.0 = Debug|Any CPU
		{F9C1A390-B91C-4379-9958-BF21BB62106C}.Release|Any CPU.ActiveCfg = Release|Any CPU
		{F9C1A390-B91C-4379-9958-BF21BB62106C}.Release|Any CPU.Build.0 = Release|Any CPU
		{73E839F1-C4A4-4EF8-8518-223136703DF0}.Debug|Any CPU.ActiveCfg = Debug|Any CPU
		{73E839F1-C4A4-4EF8-8518-223136703DF0}.Debug|Any CPU.Build.0 = Debug|Any CPU
		{73E839F1-C4A4-4EF8-8518-223136703DF0}.Release|Any CPU.ActiveCfg = Release|Any CPU
		{73E839F1-C4A4-4EF8-8518-223136703DF0}.Release|Any CPU.Build.0 = Release|Any CPU
		{52FD4778-5E06-446D-8760-D75FEA6CAE18}.Debug|Any CPU.ActiveCfg = Debug|Any CPU
		{52FD4778-5E06-446D-8760-D75FEA6CAE18}.Debug|Any CPU.Build.0 = Debug|Any CPU
		{52FD4778-5E06-446D-8760-D75FEA6CAE18}.Release|Any CPU.ActiveCfg = Release|Any CPU
		{52FD4778-5E06-446D-8760-D75FEA6CAE18}.Release|Any CPU.Build.0 = Release|Any CPU
		{C52AA33E-6783-4D41-BC9C-4495EFDDFC90}.Debug|Any CPU.ActiveCfg = Debug|Any CPU
		{C52AA33E-6783-4D41-BC9C-4495EFDDFC90}.Debug|Any CPU.Build.0 = Debug|Any CPU
		{C52AA33E-6783-4D41-BC9C-4495EFDDFC90}.Release|Any CPU.ActiveCfg = Release|Any CPU
		{C52AA33E-6783-4D41-BC9C-4495EFDDFC90}.Release|Any CPU.Build.0 = Release|Any CPU
		{3E3260FB-8B2A-493E-B087-B71FDB2F8442}.Debug|Any CPU.ActiveCfg = Debug|Any CPU
		{3E3260FB-8B2A-493E-B087-B71FDB2F8442}.Debug|Any CPU.Build.0 = Debug|Any CPU
		{3E3260FB-8B2A-493E-B087-B71FDB2F8442}.Release|Any CPU.ActiveCfg = Release|Any CPU
		{3E3260FB-8B2A-493E-B087-B71FDB2F8442}.Release|Any CPU.Build.0 = Release|Any CPU
		{F7510847-8BCF-4ED1-B08F-A27A3DBE7C51}.Debug|Any CPU.ActiveCfg = Debug|Any CPU
		{F7510847-8BCF-4ED1-B08F-A27A3DBE7C51}.Debug|Any CPU.Build.0 = Debug|Any CPU
		{F7510847-8BCF-4ED1-B08F-A27A3DBE7C51}.Release|Any CPU.ActiveCfg = Release|Any CPU
		{F7510847-8BCF-4ED1-B08F-A27A3DBE7C51}.Release|Any CPU.Build.0 = Release|Any CPU
	EndGlobalSection
	GlobalSection(SolutionProperties) = preSolution
		HideSolutionNode = FALSE
	EndGlobalSection
	GlobalSection(NestedProjects) = preSolution
		{8B1ADE2C-04F3-4D93-8C8E-A3F42FF19803} = {F3E9A03E-06F9-4188-A764-0D0E27AD660B}
		{29D71105-07B8-4B41-B2C9-866A71830502} = {F3E9A03E-06F9-4188-A764-0D0E27AD660B}
		{7F7C8482-E736-4EF4-A00B-85085AD1A8FA} = {F3E9A03E-06F9-4188-A764-0D0E27AD660B}
		{4637238B-3974-4E76-8882-866A27E79D05} = {F3E9A03E-06F9-4188-A764-0D0E27AD660B}
		{2146EA18-07DF-4A18-B139-F8EA9E3531B5} = {F3E9A03E-06F9-4188-A764-0D0E27AD660B}
		{5FDA99F8-42EA-4230-AE39-C9D6B1127516} = {A7ECC607-0036-40AE-B28B-64D7233F7551}
		{4E52100F-E2E1-4457-B5BB-B7DB6AC3D041} = {A7ECC607-0036-40AE-B28B-64D7233F7551}
		{DA0B486E-BE8D-4431-B0AD-BF050F7F9107} = {A7ECC607-0036-40AE-B28B-64D7233F7551}
		{368B5828-2CC6-410C-81DB-AC4CA2266366} = {A7ECC607-0036-40AE-B28B-64D7233F7551}
		{3BF29821-8C65-4D9C-9333-44EC478C5F24} = {A7ECC607-0036-40AE-B28B-64D7233F7551}
		{34CD9C91-D3A4-4112-9989-7E1D89715770} = {952DAFE3-43D6-4CBF-B66F-E6C72DD4D6BF}
		{CC35658F-8879-49E5-9FDC-E3A2B4E7E3E5} = {952DAFE3-43D6-4CBF-B66F-E6C72DD4D6BF}
		{EE244D94-379C-46F7-B512-9DE7CCE59CAB} = {952DAFE3-43D6-4CBF-B66F-E6C72DD4D6BF}
		{F9C1A390-B91C-4379-9958-BF21BB62106C} = {952DAFE3-43D6-4CBF-B66F-E6C72DD4D6BF}
		{73E839F1-C4A4-4EF8-8518-223136703DF0} = {29371B7F-BCB9-491F-9D70-9522675B3A7B}
		{52FD4778-5E06-446D-8760-D75FEA6CAE18} = {29371B7F-BCB9-491F-9D70-9522675B3A7B}
		{C52AA33E-6783-4D41-BC9C-4495EFDDFC90} = {29371B7F-BCB9-491F-9D70-9522675B3A7B}
		{3E3260FB-8B2A-493E-B087-B71FDB2F8442} = {29371B7F-BCB9-491F-9D70-9522675B3A7B}
		{F7510847-8BCF-4ED1-B08F-A27A3DBE7C51} = {EF977867-434A-4EB0-B340-7D0D971AB88E}
	EndGlobalSection
	GlobalSection(ExtensibilityGlobals) = postSolution
		SolutionGuid = {4E289786-EDAE-4A0E-88BB-3AD59D27F608}
	EndGlobalSection
EndGlobal
